// !$*UTF8*$!
{
	archiveVersion = 1;
	classes = {
	};
	objectVersion = 50;
	objects = {

/* Begin PBXBuildFile section */
		320AC89521FA6C8700F6EA0B /* AppDelegate.swift in Sources */ = {isa = PBXBuildFile; fileRef = 320AC89421FA6C8700F6EA0B /* AppDelegate.swift */; };
		320AC89C21FA6C8700F6EA0B /* Main.storyboard in Resources */ = {isa = PBXBuildFile; fileRef = 320AC89A21FA6C8700F6EA0B /* Main.storyboard */; };
		320AC89E21FA6C8800F6EA0B /* Assets.xcassets in Resources */ = {isa = PBXBuildFile; fileRef = 320AC89D21FA6C8800F6EA0B /* Assets.xcassets */; };
		320AC8A121FA6C8800F6EA0B /* LaunchScreen.storyboard in Resources */ = {isa = PBXBuildFile; fileRef = 320AC89F21FA6C8800F6EA0B /* LaunchScreen.storyboard */; };
		320AC8AC21FA6C8800F6EA0B /* homTests.swift in Sources */ = {isa = PBXBuildFile; fileRef = 320AC8AB21FA6C8800F6EA0B /* homTests.swift */; };
		32DEEA14220141E90010332F /* hom.xcdatamodeld in Sources */ = {isa = PBXBuildFile; fileRef = 32DEEA12220141E90010332F /* hom.xcdatamodeld */; };
		7308B763220E393C00903577 /* PaddedTextView.swift in Sources */ = {isa = PBXBuildFile; fileRef = 7322C64F220380D30075A616 /* PaddedTextView.swift */; };
		7320C09A220B37F1003BC777 /* Options.swift in Sources */ = {isa = PBXBuildFile; fileRef = 7320C099220B37F1003BC777 /* Options.swift */; };
		7320C09C220B45F4003BC777 /* Medications.csv in Resources */ = {isa = PBXBuildFile; fileRef = 7320C09B220B45F4003BC777 /* Medications.csv */; };
		7322C65222038CD90075A616 /* PaddedLabel.swift in Sources */ = {isa = PBXBuildFile; fileRef = 7322C65122038CD90075A616 /* PaddedLabel.swift */; };
		7329C8402200ED410072DCC8 /* InsetTextField.swift in Sources */ = {isa = PBXBuildFile; fileRef = 7329C83F2200ED410072DCC8 /* InsetTextField.swift */; };
		7329C8422200ED5D0072DCC8 /* BorderedTextField.swift in Sources */ = {isa = PBXBuildFile; fileRef = 7329C8412200ED5D0072DCC8 /* BorderedTextField.swift */; };
		7381B89C21FD513900845384 /* DataTableController.swift in Sources */ = {isa = PBXBuildFile; fileRef = 7381B89B21FD513900845384 /* DataTableController.swift */; };
		7381B89E21FD520700845384 /* DataTableCell.swift in Sources */ = {isa = PBXBuildFile; fileRef = 7381B89D21FD520700845384 /* DataTableCell.swift */; };
		7381B8A021FD529000845384 /* ExportViewController.swift in Sources */ = {isa = PBXBuildFile; fileRef = 7381B89F21FD529000845384 /* ExportViewController.swift */; };
		7381B8A221FD52FD00845384 /* SettingsViewController.swift in Sources */ = {isa = PBXBuildFile; fileRef = 7381B8A121FD52FD00845384 /* SettingsViewController.swift */; };
		73AFA353220D259C00E4CD80 /* SearchTextField.swift in Sources */ = {isa = PBXBuildFile; fileRef = 73AFA352220D259C00E4CD80 /* SearchTextField.swift */; };
		73CF968D2200F13700C96354 /* BorderedStackView.swift in Sources */ = {isa = PBXBuildFile; fileRef = 73CF968C2200F13700C96354 /* BorderedStackView.swift */; };
		73CF968F22012F5C00C96354 /* EntryAdditionController.swift in Sources */ = {isa = PBXBuildFile; fileRef = 73CF968E22012F5C00C96354 /* EntryAdditionController.swift */; };
		73D81B022206711B0010EA75 /* UIColorCollection.swift in Sources */ = {isa = PBXBuildFile; fileRef = 73D81B012206711B0010EA75 /* UIColorCollection.swift */; };
		73DD487D220E88AC00A47482 /* PickerTextField.swift in Sources */ = {isa = PBXBuildFile; fileRef = 73DD487C220E88AC00A47482 /* PickerTextField.swift */; };
		73E91836221DC5C700C6E458 /* PrescriptionCell.swift in Sources */ = {isa = PBXBuildFile; fileRef = 73E91835221DC5C700C6E458 /* PrescriptionCell.swift */; };
		73E91838221DC5D900C6E458 /* DiagnosisCell.swift in Sources */ = {isa = PBXBuildFile; fileRef = 73E91837221DC5D900C6E458 /* DiagnosisCell.swift */; };
		73E9183A221DC77E00C6E458 /* ExpandableTableView.swift in Sources */ = {isa = PBXBuildFile; fileRef = 73E91839221DC77E00C6E458 /* ExpandableTableView.swift */; };
		73E9183C221E5DEA00C6E458 /* FooterCell.swift in Sources */ = {isa = PBXBuildFile; fileRef = 73E9183B221E5DEA00C6E458 /* FooterCell.swift */; };
/* End PBXBuildFile section */

/* Begin PBXContainerItemProxy section */
		320AC8A821FA6C8800F6EA0B /* PBXContainerItemProxy */ = {
			isa = PBXContainerItemProxy;
			containerPortal = 320AC88921FA6C8700F6EA0B /* Project object */;
			proxyType = 1;
			remoteGlobalIDString = 320AC89021FA6C8700F6EA0B;
			remoteInfo = hom;
		};
/* End PBXContainerItemProxy section */

/* Begin PBXFileReference section */
		320AC89121FA6C8700F6EA0B /* hom.app */ = {isa = PBXFileReference; explicitFileType = wrapper.application; includeInIndex = 0; path = hom.app; sourceTree = BUILT_PRODUCTS_DIR; };
		320AC89421FA6C8700F6EA0B /* AppDelegate.swift */ = {isa = PBXFileReference; lastKnownFileType = sourcecode.swift; path = AppDelegate.swift; sourceTree = "<group>"; };
		320AC89B21FA6C8700F6EA0B /* Base */ = {isa = PBXFileReference; lastKnownFileType = file.storyboard; name = Base; path = Base.lproj/Main.storyboard; sourceTree = "<group>"; };
		320AC89D21FA6C8800F6EA0B /* Assets.xcassets */ = {isa = PBXFileReference; lastKnownFileType = folder.assetcatalog; path = Assets.xcassets; sourceTree = "<group>"; };
		320AC8A021FA6C8800F6EA0B /* Base */ = {isa = PBXFileReference; lastKnownFileType = file.storyboard; name = Base; path = Base.lproj/LaunchScreen.storyboard; sourceTree = "<group>"; };
		320AC8A221FA6C8800F6EA0B /* Info.plist */ = {isa = PBXFileReference; lastKnownFileType = text.plist.xml; path = Info.plist; sourceTree = "<group>"; };
		320AC8A721FA6C8800F6EA0B /* homTests.xctest */ = {isa = PBXFileReference; explicitFileType = wrapper.cfbundle; includeInIndex = 0; path = homTests.xctest; sourceTree = BUILT_PRODUCTS_DIR; };
		320AC8AB21FA6C8800F6EA0B /* homTests.swift */ = {isa = PBXFileReference; lastKnownFileType = sourcecode.swift; path = homTests.swift; sourceTree = "<group>"; };
		320AC8AD21FA6C8800F6EA0B /* Info.plist */ = {isa = PBXFileReference; lastKnownFileType = text.plist.xml; path = Info.plist; sourceTree = "<group>"; };
		32DEEA13220141E90010332F /* hom.xcdatamodel */ = {isa = PBXFileReference; lastKnownFileType = wrapper.xcdatamodel; path = hom.xcdatamodel; sourceTree = "<group>"; };
		7320C099220B37F1003BC777 /* Options.swift */ = {isa = PBXFileReference; lastKnownFileType = sourcecode.swift; path = Options.swift; sourceTree = "<group>"; };
		7320C09B220B45F4003BC777 /* Medications.csv */ = {isa = PBXFileReference; fileEncoding = 4; lastKnownFileType = text; name = Medications.csv; path = hom/Assets/Medications.csv; sourceTree = SOURCE_ROOT; };
		7322C64F220380D30075A616 /* PaddedTextView.swift */ = {isa = PBXFileReference; lastKnownFileType = sourcecode.swift; path = PaddedTextView.swift; sourceTree = "<group>"; };
		7322C65122038CD90075A616 /* PaddedLabel.swift */ = {isa = PBXFileReference; lastKnownFileType = sourcecode.swift; path = PaddedLabel.swift; sourceTree = "<group>"; };
		7329C83F2200ED410072DCC8 /* InsetTextField.swift */ = {isa = PBXFileReference; lastKnownFileType = sourcecode.swift; path = InsetTextField.swift; sourceTree = "<group>"; };
		7329C8412200ED5D0072DCC8 /* BorderedTextField.swift */ = {isa = PBXFileReference; lastKnownFileType = sourcecode.swift; path = BorderedTextField.swift; sourceTree = "<group>"; };
		7381B89B21FD513900845384 /* DataTableController.swift */ = {isa = PBXFileReference; lastKnownFileType = sourcecode.swift; path = DataTableController.swift; sourceTree = "<group>"; };
		7381B89D21FD520700845384 /* DataTableCell.swift */ = {isa = PBXFileReference; lastKnownFileType = sourcecode.swift; path = DataTableCell.swift; sourceTree = "<group>"; };
		7381B89F21FD529000845384 /* ExportViewController.swift */ = {isa = PBXFileReference; lastKnownFileType = sourcecode.swift; path = ExportViewController.swift; sourceTree = "<group>"; };
		7381B8A121FD52FD00845384 /* SettingsViewController.swift */ = {isa = PBXFileReference; lastKnownFileType = sourcecode.swift; path = SettingsViewController.swift; sourceTree = "<group>"; };
		73AFA352220D259C00E4CD80 /* SearchTextField.swift */ = {isa = PBXFileReference; fileEncoding = 4; lastKnownFileType = sourcecode.swift; path = SearchTextField.swift; sourceTree = "<group>"; };
		73CF968C2200F13700C96354 /* BorderedStackView.swift */ = {isa = PBXFileReference; lastKnownFileType = sourcecode.swift; path = BorderedStackView.swift; sourceTree = "<group>"; };
		73CF968E22012F5C00C96354 /* EntryAdditionController.swift */ = {isa = PBXFileReference; lastKnownFileType = sourcecode.swift; path = EntryAdditionController.swift; sourceTree = "<group>"; };
		73D81B012206711B0010EA75 /* UIColorCollection.swift */ = {isa = PBXFileReference; lastKnownFileType = sourcecode.swift; path = UIColorCollection.swift; sourceTree = "<group>"; };
		73DD487C220E88AC00A47482 /* PickerTextField.swift */ = {isa = PBXFileReference; lastKnownFileType = sourcecode.swift; path = PickerTextField.swift; sourceTree = "<group>"; };
		73E91835221DC5C700C6E458 /* PrescriptionCell.swift */ = {isa = PBXFileReference; lastKnownFileType = sourcecode.swift; path = PrescriptionCell.swift; sourceTree = "<group>"; };
		73E91837221DC5D900C6E458 /* DiagnosisCell.swift */ = {isa = PBXFileReference; lastKnownFileType = sourcecode.swift; path = DiagnosisCell.swift; sourceTree = "<group>"; };
		73E91839221DC77E00C6E458 /* ExpandableTableView.swift */ = {isa = PBXFileReference; lastKnownFileType = sourcecode.swift; path = ExpandableTableView.swift; sourceTree = "<group>"; };
		73E9183B221E5DEA00C6E458 /* FooterCell.swift */ = {isa = PBXFileReference; lastKnownFileType = sourcecode.swift; path = FooterCell.swift; sourceTree = "<group>"; };
/* End PBXFileReference section */

/* Begin PBXFrameworksBuildPhase section */
		320AC88E21FA6C8700F6EA0B /* Frameworks */ = {
			isa = PBXFrameworksBuildPhase;
			buildActionMask = 2147483647;
			files = (
			);
			runOnlyForDeploymentPostprocessing = 0;
		};
		320AC8A421FA6C8800F6EA0B /* Frameworks */ = {
			isa = PBXFrameworksBuildPhase;
			buildActionMask = 2147483647;
			files = (
			);
			runOnlyForDeploymentPostprocessing = 0;
		};
/* End PBXFrameworksBuildPhase section */

/* Begin PBXGroup section */
		320AC88821FA6C8700F6EA0B = {
			isa = PBXGroup;
			children = (
				320AC89321FA6C8700F6EA0B /* hom */,
				320AC8AA21FA6C8800F6EA0B /* homTests */,
				320AC89221FA6C8700F6EA0B /* Products */,
			);
			sourceTree = "<group>";
		};
		320AC89221FA6C8700F6EA0B /* Products */ = {
			isa = PBXGroup;
			children = (
				320AC89121FA6C8700F6EA0B /* hom.app */,
				320AC8A721FA6C8800F6EA0B /* homTests.xctest */,
			);
			name = Products;
			sourceTree = "<group>";
		};
		320AC89321FA6C8700F6EA0B /* hom */ = {
			isa = PBXGroup;
			children = (
				320AC89421FA6C8700F6EA0B /* AppDelegate.swift */,
				324F535B220F549300491CCA /* Models */,
				324F535A220F547F00491CCA /* Controllers */,
				324F5359220F545000491CCA /* Views */,
				324F535E220F561700491CCA /* Resources */,
				324F535C220F553400491CCA /* Storyboards */,
				324F535D220F557100491CCA /* Assets */,
			);
			path = hom;
			sourceTree = "<group>";
		};
		320AC8AA21FA6C8800F6EA0B /* homTests */ = {
			isa = PBXGroup;
			children = (
				320AC8AB21FA6C8800F6EA0B /* homTests.swift */,
				320AC8AD21FA6C8800F6EA0B /* Info.plist */,
			);
			path = homTests;
			sourceTree = "<group>";
		};
		324F5359220F545000491CCA /* Views */ = {
			isa = PBXGroup;
			children = (
				7381B89D21FD520700845384 /* DataTableCell.swift */,
				73E91837221DC5D900C6E458 /* DiagnosisCell.swift */,
				73E91835221DC5C700C6E458 /* PrescriptionCell.swift */,
				73E9183B221E5DEA00C6E458 /* FooterCell.swift */,
				7329C83F2200ED410072DCC8 /* InsetTextField.swift */,
				7329C8412200ED5D0072DCC8 /* BorderedTextField.swift */,
				73DD487C220E88AC00A47482 /* PickerTextField.swift */,
				73AFA352220D259C00E4CD80 /* SearchTextField.swift */,
				73CF968C2200F13700C96354 /* BorderedStackView.swift */,
				7322C64F220380D30075A616 /* PaddedTextView.swift */,
				7322C65122038CD90075A616 /* PaddedLabel.swift */,
				73E91839221DC77E00C6E458 /* ExpandableTableView.swift */,
			);
			path = Views;
			sourceTree = "<group>";
		};
		324F535A220F547F00491CCA /* Controllers */ = {
			isa = PBXGroup;
			children = (
				7381B89B21FD513900845384 /* DataTableController.swift */,
				73CF968E22012F5C00C96354 /* EntryAdditionController.swift */,
				7381B89F21FD529000845384 /* ExportViewController.swift */,
				7381B8A121FD52FD00845384 /* SettingsViewController.swift */,
			);
			path = Controllers;
			sourceTree = "<group>";
		};
		324F535B220F549300491CCA /* Models */ = {
			isa = PBXGroup;
			children = (
				32DEEA12220141E90010332F /* hom.xcdatamodeld */,
			);
			path = Models;
			sourceTree = "<group>";
		};
		324F535C220F553400491CCA /* Storyboards */ = {
			isa = PBXGroup;
			children = (
				320AC89A21FA6C8700F6EA0B /* Main.storyboard */,
				320AC89F21FA6C8800F6EA0B /* LaunchScreen.storyboard */,
			);
			path = Storyboards;
			sourceTree = "<group>";
		};
		324F535D220F557100491CCA /* Assets */ = {
			isa = PBXGroup;
			children = (
				320AC8A221FA6C8800F6EA0B /* Info.plist */,
				7320C09B220B45F4003BC777 /* Medications.csv */,
				320AC89D21FA6C8800F6EA0B /* Assets.xcassets */,
			);
			path = Assets;
			sourceTree = "<group>";
		};
		324F535E220F561700491CCA /* Resources */ = {
			isa = PBXGroup;
			children = (
				73D81B012206711B0010EA75 /* UIColorCollection.swift */,
				7320C099220B37F1003BC777 /* Options.swift */,
			);
			path = Resources;
			sourceTree = "<group>";
		};
/* End PBXGroup section */

/* Begin PBXNativeTarget section */
		320AC89021FA6C8700F6EA0B /* hom */ = {
			isa = PBXNativeTarget;
			buildConfigurationList = 320AC8B021FA6C8800F6EA0B /* Build configuration list for PBXNativeTarget "hom" */;
			buildPhases = (
				320AC88D21FA6C8700F6EA0B /* Sources */,
				320AC88E21FA6C8700F6EA0B /* Frameworks */,
				320AC88F21FA6C8700F6EA0B /* Resources */,
			);
			buildRules = (
			);
			dependencies = (
			);
			name = hom;
			productName = hom;
			productReference = 320AC89121FA6C8700F6EA0B /* hom.app */;
			productType = "com.apple.product-type.application";
		};
		320AC8A621FA6C8800F6EA0B /* homTests */ = {
			isa = PBXNativeTarget;
			buildConfigurationList = 320AC8B321FA6C8800F6EA0B /* Build configuration list for PBXNativeTarget "homTests" */;
			buildPhases = (
				320AC8A321FA6C8800F6EA0B /* Sources */,
				320AC8A421FA6C8800F6EA0B /* Frameworks */,
				320AC8A521FA6C8800F6EA0B /* Resources */,
			);
			buildRules = (
			);
			dependencies = (
				320AC8A921FA6C8800F6EA0B /* PBXTargetDependency */,
			);
			name = homTests;
			productName = homTests;
			productReference = 320AC8A721FA6C8800F6EA0B /* homTests.xctest */;
			productType = "com.apple.product-type.bundle.unit-test";
		};
/* End PBXNativeTarget section */

/* Begin PBXProject section */
		320AC88921FA6C8700F6EA0B /* Project object */ = {
			isa = PBXProject;
			attributes = {
				LastSwiftUpdateCheck = 1010;
				LastUpgradeCheck = 1010;
				ORGANIZATIONNAME = "Heart of Medicine";
				TargetAttributes = {
					320AC89021FA6C8700F6EA0B = {
						CreatedOnToolsVersion = 10.1;
					};
					320AC8A621FA6C8800F6EA0B = {
						CreatedOnToolsVersion = 10.1;
						TestTargetID = 320AC89021FA6C8700F6EA0B;
					};
				};
			};
			buildConfigurationList = 320AC88C21FA6C8700F6EA0B /* Build configuration list for PBXProject "hom" */;
			compatibilityVersion = "Xcode 9.3";
			developmentRegion = en;
			hasScannedForEncodings = 0;
			knownRegions = (
				en,
				Base,
			);
			mainGroup = 320AC88821FA6C8700F6EA0B;
			productRefGroup = 320AC89221FA6C8700F6EA0B /* Products */;
			projectDirPath = "";
			projectRoot = "";
			targets = (
				320AC89021FA6C8700F6EA0B /* hom */,
				320AC8A621FA6C8800F6EA0B /* homTests */,
			);
		};
/* End PBXProject section */

/* Begin PBXResourcesBuildPhase section */
		320AC88F21FA6C8700F6EA0B /* Resources */ = {
			isa = PBXResourcesBuildPhase;
			buildActionMask = 2147483647;
			files = (
				7320C09C220B45F4003BC777 /* Medications.csv in Resources */,
				320AC8A121FA6C8800F6EA0B /* LaunchScreen.storyboard in Resources */,
				320AC89E21FA6C8800F6EA0B /* Assets.xcassets in Resources */,
				320AC89C21FA6C8700F6EA0B /* Main.storyboard in Resources */,
			);
			runOnlyForDeploymentPostprocessing = 0;
		};
		320AC8A521FA6C8800F6EA0B /* Resources */ = {
			isa = PBXResourcesBuildPhase;
			buildActionMask = 2147483647;
			files = (
			);
			runOnlyForDeploymentPostprocessing = 0;
		};
/* End PBXResourcesBuildPhase section */

/* Begin PBXSourcesBuildPhase section */
		320AC88D21FA6C8700F6EA0B /* Sources */ = {
			isa = PBXSourcesBuildPhase;
			buildActionMask = 2147483647;
			files = (
				7381B89C21FD513900845384 /* DataTableController.swift in Sources */,
				73D81B022206711B0010EA75 /* UIColorCollection.swift in Sources */,
				7381B89E21FD520700845384 /* DataTableCell.swift in Sources */,
				73CF968D2200F13700C96354 /* BorderedStackView.swift in Sources */,
				7381B8A021FD529000845384 /* ExportViewController.swift in Sources */,
				73AFA353220D259C00E4CD80 /* SearchTextField.swift in Sources */,
				7381B8A221FD52FD00845384 /* SettingsViewController.swift in Sources */,
				73DD487D220E88AC00A47482 /* PickerTextField.swift in Sources */,
				73E91836221DC5C700C6E458 /* PrescriptionCell.swift in Sources */,
				7320C09A220B37F1003BC777 /* Options.swift in Sources */,
				73E9183C221E5DEA00C6E458 /* FooterCell.swift in Sources */,
				7322C65222038CD90075A616 /* PaddedLabel.swift in Sources */,
				7308B763220E393C00903577 /* PaddedTextView.swift in Sources */,
				320AC89521FA6C8700F6EA0B /* AppDelegate.swift in Sources */,
				7329C8422200ED5D0072DCC8 /* BorderedTextField.swift in Sources */,
				7329C8402200ED410072DCC8 /* InsetTextField.swift in Sources */,
				73E91838221DC5D900C6E458 /* DiagnosisCell.swift in Sources */,
				73E9183A221DC77E00C6E458 /* ExpandableTableView.swift in Sources */,
				32DEEA14220141E90010332F /* hom.xcdatamodeld in Sources */,
				73CF968F22012F5C00C96354 /* EntryAdditionController.swift in Sources */,
			);
			runOnlyForDeploymentPostprocessing = 0;
		};
		320AC8A321FA6C8800F6EA0B /* Sources */ = {
			isa = PBXSourcesBuildPhase;
			buildActionMask = 2147483647;
			files = (
				320AC8AC21FA6C8800F6EA0B /* homTests.swift in Sources */,
			);
			runOnlyForDeploymentPostprocessing = 0;
		};
/* End PBXSourcesBuildPhase section */

/* Begin PBXTargetDependency section */
		320AC8A921FA6C8800F6EA0B /* PBXTargetDependency */ = {
			isa = PBXTargetDependency;
			target = 320AC89021FA6C8700F6EA0B /* hom */;
			targetProxy = 320AC8A821FA6C8800F6EA0B /* PBXContainerItemProxy */;
		};
/* End PBXTargetDependency section */

/* Begin PBXVariantGroup section */
		320AC89A21FA6C8700F6EA0B /* Main.storyboard */ = {
			isa = PBXVariantGroup;
			children = (
				320AC89B21FA6C8700F6EA0B /* Base */,
			);
			name = Main.storyboard;
			sourceTree = "<group>";
		};
		320AC89F21FA6C8800F6EA0B /* LaunchScreen.storyboard */ = {
			isa = PBXVariantGroup;
			children = (
				320AC8A021FA6C8800F6EA0B /* Base */,
			);
			name = LaunchScreen.storyboard;
			sourceTree = "<group>";
		};
/* End PBXVariantGroup section */

/* Begin XCBuildConfiguration section */
		320AC8AE21FA6C8800F6EA0B /* Debug */ = {
			isa = XCBuildConfiguration;
			buildSettings = {
				ALWAYS_SEARCH_USER_PATHS = NO;
				CLANG_ANALYZER_NONNULL = YES;
				CLANG_ANALYZER_NUMBER_OBJECT_CONVERSION = YES_AGGRESSIVE;
				CLANG_CXX_LANGUAGE_STANDARD = "gnu++14";
				CLANG_CXX_LIBRARY = "libc++";
				CLANG_ENABLE_MODULES = YES;
				CLANG_ENABLE_OBJC_ARC = YES;
				CLANG_ENABLE_OBJC_WEAK = YES;
				CLANG_WARN_BLOCK_CAPTURE_AUTORELEASING = YES;
				CLANG_WARN_BOOL_CONVERSION = YES;
				CLANG_WARN_COMMA = YES;
				CLANG_WARN_CONSTANT_CONVERSION = YES;
				CLANG_WARN_DEPRECATED_OBJC_IMPLEMENTATIONS = YES;
				CLANG_WARN_DIRECT_OBJC_ISA_USAGE = YES_ERROR;
				CLANG_WARN_DOCUMENTATION_COMMENTS = YES;
				CLANG_WARN_EMPTY_BODY = YES;
				CLANG_WARN_ENUM_CONVERSION = YES;
				CLANG_WARN_INFINITE_RECURSION = YES;
				CLANG_WARN_INT_CONVERSION = YES;
				CLANG_WARN_NON_LITERAL_NULL_CONVERSION = YES;
				CLANG_WARN_OBJC_IMPLICIT_RETAIN_SELF = YES;
				CLANG_WARN_OBJC_LITERAL_CONVERSION = YES;
				CLANG_WARN_OBJC_ROOT_CLASS = YES_ERROR;
				CLANG_WARN_RANGE_LOOP_ANALYSIS = YES;
				CLANG_WARN_STRICT_PROTOTYPES = YES;
				CLANG_WARN_SUSPICIOUS_MOVE = YES;
				CLANG_WARN_UNGUARDED_AVAILABILITY = YES_AGGRESSIVE;
				CLANG_WARN_UNREACHABLE_CODE = YES;
				CLANG_WARN__DUPLICATE_METHOD_MATCH = YES;
				CODE_SIGN_IDENTITY = "iPhone Developer";
				COPY_PHASE_STRIP = NO;
				DEBUG_INFORMATION_FORMAT = dwarf;
				ENABLE_STRICT_OBJC_MSGSEND = YES;
				ENABLE_TESTABILITY = YES;
				GCC_C_LANGUAGE_STANDARD = gnu11;
				GCC_DYNAMIC_NO_PIC = NO;
				GCC_NO_COMMON_BLOCKS = YES;
				GCC_OPTIMIZATION_LEVEL = 0;
				GCC_PREPROCESSOR_DEFINITIONS = (
					"DEBUG=1",
					"$(inherited)",
				);
				GCC_WARN_64_TO_32_BIT_CONVERSION = YES;
				GCC_WARN_ABOUT_RETURN_TYPE = YES_ERROR;
				GCC_WARN_UNDECLARED_SELECTOR = YES;
				GCC_WARN_UNINITIALIZED_AUTOS = YES_AGGRESSIVE;
				GCC_WARN_UNUSED_FUNCTION = YES;
				GCC_WARN_UNUSED_VARIABLE = YES;
				IPHONEOS_DEPLOYMENT_TARGET = 12.1;
				MTL_ENABLE_DEBUG_INFO = INCLUDE_SOURCE;
				MTL_FAST_MATH = YES;
				ONLY_ACTIVE_ARCH = YES;
				SDKROOT = iphoneos;
				SWIFT_ACTIVE_COMPILATION_CONDITIONS = DEBUG;
				SWIFT_OPTIMIZATION_LEVEL = "-Onone";
			};
			name = Debug;
		};
		320AC8AF21FA6C8800F6EA0B /* Release */ = {
			isa = XCBuildConfiguration;
			buildSettings = {
				ALWAYS_SEARCH_USER_PATHS = NO;
				CLANG_ANALYZER_NONNULL = YES;
				CLANG_ANALYZER_NUMBER_OBJECT_CONVERSION = YES_AGGRESSIVE;
				CLANG_CXX_LANGUAGE_STANDARD = "gnu++14";
				CLANG_CXX_LIBRARY = "libc++";
				CLANG_ENABLE_MODULES = YES;
				CLANG_ENABLE_OBJC_ARC = YES;
				CLANG_ENABLE_OBJC_WEAK = YES;
				CLANG_WARN_BLOCK_CAPTURE_AUTORELEASING = YES;
				CLANG_WARN_BOOL_CONVERSION = YES;
				CLANG_WARN_COMMA = YES;
				CLANG_WARN_CONSTANT_CONVERSION = YES;
				CLANG_WARN_DEPRECATED_OBJC_IMPLEMENTATIONS = YES;
				CLANG_WARN_DIRECT_OBJC_ISA_USAGE = YES_ERROR;
				CLANG_WARN_DOCUMENTATION_COMMENTS = YES;
				CLANG_WARN_EMPTY_BODY = YES;
				CLANG_WARN_ENUM_CONVERSION = YES;
				CLANG_WARN_INFINITE_RECURSION = YES;
				CLANG_WARN_INT_CONVERSION = YES;
				CLANG_WARN_NON_LITERAL_NULL_CONVERSION = YES;
				CLANG_WARN_OBJC_IMPLICIT_RETAIN_SELF = YES;
				CLANG_WARN_OBJC_LITERAL_CONVERSION = YES;
				CLANG_WARN_OBJC_ROOT_CLASS = YES_ERROR;
				CLANG_WARN_RANGE_LOOP_ANALYSIS = YES;
				CLANG_WARN_STRICT_PROTOTYPES = YES;
				CLANG_WARN_SUSPICIOUS_MOVE = YES;
				CLANG_WARN_UNGUARDED_AVAILABILITY = YES_AGGRESSIVE;
				CLANG_WARN_UNREACHABLE_CODE = YES;
				CLANG_WARN__DUPLICATE_METHOD_MATCH = YES;
				CODE_SIGN_IDENTITY = "iPhone Developer";
				COPY_PHASE_STRIP = NO;
				DEBUG_INFORMATION_FORMAT = "dwarf-with-dsym";
				ENABLE_NS_ASSERTIONS = NO;
				ENABLE_STRICT_OBJC_MSGSEND = YES;
				GCC_C_LANGUAGE_STANDARD = gnu11;
				GCC_NO_COMMON_BLOCKS = YES;
				GCC_WARN_64_TO_32_BIT_CONVERSION = YES;
				GCC_WARN_ABOUT_RETURN_TYPE = YES_ERROR;
				GCC_WARN_UNDECLARED_SELECTOR = YES;
				GCC_WARN_UNINITIALIZED_AUTOS = YES_AGGRESSIVE;
				GCC_WARN_UNUSED_FUNCTION = YES;
				GCC_WARN_UNUSED_VARIABLE = YES;
				IPHONEOS_DEPLOYMENT_TARGET = 12.1;
				MTL_ENABLE_DEBUG_INFO = NO;
				MTL_FAST_MATH = YES;
				SDKROOT = iphoneos;
				SWIFT_COMPILATION_MODE = wholemodule;
				SWIFT_OPTIMIZATION_LEVEL = "-O";
				VALIDATE_PRODUCT = YES;
			};
			name = Release;
		};
		320AC8B121FA6C8800F6EA0B /* Debug */ = {
			isa = XCBuildConfiguration;
			buildSettings = {
				ASSETCATALOG_COMPILER_APPICON_NAME = AppIcon;
				CODE_SIGN_STYLE = Automatic;
				DEVELOPMENT_TEAM = T549DM6CJ3;
				INFOPLIST_FILE = "$(SRCROOT)/hom/Assets/Info.plist";
				LD_RUNPATH_SEARCH_PATHS = (
					"$(inherited)",
					"@executable_path/Frameworks",
				);
				PRODUCT_BUNDLE_IDENTIFIER = net.heartofmedicine.hom;
				PRODUCT_NAME = "$(TARGET_NAME)";
				SWIFT_VERSION = 4.2;
				TARGETED_DEVICE_FAMILY = "1,2";
			};
			name = Debug;
		};
		320AC8B221FA6C8800F6EA0B /* Release */ = {
			isa = XCBuildConfiguration;
			buildSettings = {
				ASSETCATALOG_COMPILER_APPICON_NAME = AppIcon;
				CODE_SIGN_STYLE = Automatic;
				DEVELOPMENT_TEAM = T549DM6CJ3;
				INFOPLIST_FILE = "$(SRCROOT)/hom/Assets/Info.plist";
				LD_RUNPATH_SEARCH_PATHS = (
					"$(inherited)",
					"@executable_path/Frameworks",
				);
				PRODUCT_BUNDLE_IDENTIFIER = net.heartofmedicine.hom;
				PRODUCT_NAME = "$(TARGET_NAME)";
				SWIFT_VERSION = 4.2;
				TARGETED_DEVICE_FAMILY = "1,2";
			};
			name = Release;
		};
		320AC8B421FA6C8800F6EA0B /* Debug */ = {
			isa = XCBuildConfiguration;
			buildSettings = {
				ALWAYS_EMBED_SWIFT_STANDARD_LIBRARIES = YES;
				BUNDLE_LOADER = "$(TEST_HOST)";
				CODE_SIGN_STYLE = Automatic;
				INFOPLIST_FILE = homTests/Info.plist;
				LD_RUNPATH_SEARCH_PATHS = (
					"$(inherited)",
					"@executable_path/Frameworks",
					"@loader_path/Frameworks",
				);
				PRODUCT_BUNDLE_IDENTIFIER = net.heartofmedicine.homTests;
				PRODUCT_NAME = "$(TARGET_NAME)";
				SWIFT_VERSION = 4.2;
				TARGETED_DEVICE_FAMILY = "1,2";
				TEST_HOST = "$(BUILT_PRODUCTS_DIR)/hom.app/hom";
			};
			name = Debug;
		};
		320AC8B521FA6C8800F6EA0B /* Release */ = {
			isa = XCBuildConfiguration;
			buildSettings = {
				ALWAYS_EMBED_SWIFT_STANDARD_LIBRARIES = YES;
				BUNDLE_LOADER = "$(TEST_HOST)";
				CODE_SIGN_STYLE = Automatic;
				INFOPLIST_FILE = homTests/Info.plist;
				LD_RUNPATH_SEARCH_PATHS = (
					"$(inherited)",
					"@executable_path/Frameworks",
					"@loader_path/Frameworks",
				);
				PRODUCT_BUNDLE_IDENTIFIER = net.heartofmedicine.homTests;
				PRODUCT_NAME = "$(TARGET_NAME)";
				SWIFT_VERSION = 4.2;
				TARGETED_DEVICE_FAMILY = "1,2";
				TEST_HOST = "$(BUILT_PRODUCTS_DIR)/hom.app/hom";
			};
			name = Release;
		};
/* End XCBuildConfiguration section */

/* Begin XCConfigurationList section */
		320AC88C21FA6C8700F6EA0B /* Build configuration list for PBXProject "hom" */ = {
			isa = XCConfigurationList;
			buildConfigurations = (
				320AC8AE21FA6C8800F6EA0B /* Debug */,
				320AC8AF21FA6C8800F6EA0B /* Release */,
			);
			defaultConfigurationIsVisible = 0;
			defaultConfigurationName = Release;
		};
		320AC8B021FA6C8800F6EA0B /* Build configuration list for PBXNativeTarget "hom" */ = {
			isa = XCConfigurationList;
			buildConfigurations = (
				320AC8B121FA6C8800F6EA0B /* Debug */,
				320AC8B221FA6C8800F6EA0B /* Release */,
			);
			defaultConfigurationIsVisible = 0;
			defaultConfigurationName = Release;
		};
		320AC8B321FA6C8800F6EA0B /* Build configuration list for PBXNativeTarget "homTests" */ = {
			isa = XCConfigurationList;
			buildConfigurations = (
				320AC8B421FA6C8800F6EA0B /* Debug */,
				320AC8B521FA6C8800F6EA0B /* Release */,
			);
			defaultConfigurationIsVisible = 0;
			defaultConfigurationName = Release;
		};
/* End XCConfigurationList section */

/* Begin XCVersionGroup section */
		32DEEA12220141E90010332F /* hom.xcdatamodeld */ = {
			isa = XCVersionGroup;
			children = (
				32DEEA13220141E90010332F /* hom.xcdatamodel */,
			);
			currentVersion = 32DEEA13220141E90010332F /* hom.xcdatamodel */;
			path = hom.xcdatamodeld;
			sourceTree = "<group>";
			versionGroupType = wrapper.xcdatamodel;
		};
/* End XCVersionGroup section */
	};
	rootObject = 320AC88921FA6C8700F6EA0B /* Project object */;
}
